
Microsoft Visual Studio Solution File, Format Version 12.00
#
Project("{2150E333-8FDC-42A3-9474-1A3956D46DE8}") = "Gateways", "Gateways", "{6D56690B-0D15-4736-B1DB-2FB49197CD0A}"
EndProject
Project("{FAE04EC0-301F-11D3-BF4B-00C04F79EFBC}") = "ECommerce.YARP", "Gateways\ECommerce.YARP\ECommerce.YARP.csproj", "{1C978207-8097-4C91-AF81-04C75F4AE6DD}"
EndProject
Project("{2150E333-8FDC-42A3-9474-1A3956D46DE8}") = "Solution Items", "Solution Items", "{7F5FD428-7F83-4417-A855-B97A61BC2273}"
	ProjectSection(SolutionItems) = preProject
		compose.yaml = compose.yaml
	EndProjectSection
EndProject
Project("{2150E333-8FDC-42A3-9474-1A3956D46DE8}") = "src", "src", "{BA578530-2B8B-4871-AC81-17EB7427C091}"
EndProject
Project("{2150E333-8FDC-42A3-9474-1A3956D46DE8}") = "Services", "Services", "{4D4315FC-1CC7-4904-9E63-811075EDC12F}"
EndProject
Project("{2150E333-8FDC-42A3-9474-1A3956D46DE8}") = "OrderService", "OrderService", "{E91AA481-9F96-4027-A77D-772ADC6049FA}"
EndProject
Project("{FAE04EC0-301F-11D3-BF4B-00C04F79EFBC}") = "OrderService.API", "src\Services\OrderService\OrderService.API\OrderService.API.csproj", "{20C8684D-C200-42C4-915B-002C854FC699}"
EndProject
Project("{FAE04EC0-301F-11D3-BF4B-00C04F79EFBC}") = "OrderService.Domain", "src\Services\OrderService\OrderService.Domain\OrderService.Domain.csproj", "{E70668F3-6CD7-4341-B765-F9875B4F7B78}"
EndProject
Project("{FAE04EC0-301F-11D3-BF4B-00C04F79EFBC}") = "OrderService.Application", "src\Services\OrderService\OrderService.Application\OrderService.Application.csproj", "{38CF9DD1-DB6F-436B-A329-979348B97031}"
EndProject
Project("{FAE04EC0-301F-11D3-BF4B-00C04F79EFBC}") = "OrderService.Infrastructure", "src\Services\OrderService\OrderService.Infrastructure\OrderService.Infrastructure.csproj", "{3E30B7DE-C40E-4408-9CEF-489092B54FA9}"
EndProject
Project("{2150E333-8FDC-42A3-9474-1A3956D46DE8}") = "StockService", "StockService", "{7018CC5E-A6FB-4821-B245-BA0AACEAC042}"
EndProject
Project("{FAE04EC0-301F-11D3-BF4B-00C04F79EFBC}") = "StockService.API", "src\Services\StockService\StockService.API\StockService.API.csproj", "{904E3545-422D-4B17-A71A-5F8469BCD02A}"
EndProject
Project("{FAE04EC0-301F-11D3-BF4B-00C04F79EFBC}") = "StockService.Domain", "src\Services\StockService\StockService.Domain\StockService.Domain.csproj", "{15489EA5-9878-47FC-A372-0EFA63AEF563}"
EndProject
Project("{FAE04EC0-301F-11D3-BF4B-00C04F79EFBC}") = "StockService.Application", "src\Services\StockService\StockService.Application\StockService.Application.csproj", "{E1DDF2ED-2464-4644-AB6C-8980FDD531CF}"
EndProject
Project("{FAE04EC0-301F-11D3-BF4B-00C04F79EFBC}") = "StockService.Infrastructure", "src\Services\StockService\StockService.Infrastructure\StockService.Infrastructure.csproj", "{0A4768CB-0D16-41E2-9DB2-AC1E3DB128DD}"
EndProject
Project("{2150E333-8FDC-42A3-9474-1A3956D46DE8}") = "NotificationService", "NotificationService", "{2ADBC5DB-BB2D-4CEC-97C0-5791E900C53A}"
EndProject
Project("{FAE04EC0-301F-11D3-BF4B-00C04F79EFBC}") = "NotificationService.API", "src\Services\NotificationService\NotificationService.API\NotificationService.API.csproj", "{988B9146-F854-42DF-AE07-975915E13A71}"
EndProject
Project("{FAE04EC0-301F-11D3-BF4B-00C04F79EFBC}") = "NotificationService.Domain", "src\Services\NotificationService\NotificationService.Domain\NotificationService.Domain.csproj", "{B3996197-D7E2-4AAD-8079-0C7BD6023A80}"
EndProject
Project("{FAE04EC0-301F-11D3-BF4B-00C04F79EFBC}") = "NotificationService.Application", "src\Services\NotificationService\NotificationService.Application\NotificationService.Application.csproj", "{8ED5A0B8-F329-41E1-88CB-C9D4CE1E8B6B}"
EndProject
Project("{FAE04EC0-301F-11D3-BF4B-00C04F79EFBC}") = "NotificationService.Infrastructure", "src\Services\NotificationService\NotificationService.Infrastructure\NotificationService.Infrastructure.csproj", "{68FC6AEB-6212-43F7-A3DF-5E64CFFFED0F}"
EndProject
Project("{2150E333-8FDC-42A3-9474-1A3956D46DE8}") = "Shared", "Shared", "{0E44E98A-84E8-4E23-A6F0-39B690C8E2C4}"
EndProject
Project("{FAE04EC0-301F-11D3-BF4B-00C04F79EFBC}") = "Shared.Kernel", "src\Shared\Shared.Kernel\Shared.Kernel.csproj", "{1CFEAAF8-1519-4E3C-8291-313223F6B7CC}"
EndProject
Project("{FAE04EC0-301F-11D3-BF4B-00C04F79EFBC}") = "NotificationService.Persistence", "src\Services\NotificationService\NotificationService.Persistence\NotificationService.Persistence.csproj", "{3B7513ED-6BC4-4DF6-9F71-EAA7B998EE6F}"
EndProject
Project("{FAE04EC0-301F-11D3-BF4B-00C04F79EFBC}") = "OrderService.Persistence", "src\Services\OrderService\OrderService.Persistence\OrderService.Persistence.csproj", "{C4D226BB-6599-4328-A5B6-7A16F547583B}"
EndProject
Project("{FAE04EC0-301F-11D3-BF4B-00C04F79EFBC}") = "StockService.Persistence", "src\Services\StockService\StockService.Persistence\StockService.Persistence.csproj", "{11ECBC34-76D4-41B1-AB56-8FCF86509EC9}"
EndProject
Global
	GlobalSection(SolutionConfigurationPlatforms) = preSolution
		Debug|Any CPU = Debug|Any CPU
		Release|Any CPU = Release|Any CPU
	EndGlobalSection
	GlobalSection(NestedProjects) = preSolution
		{1C978207-8097-4C91-AF81-04C75F4AE6DD} = {6D56690B-0D15-4736-B1DB-2FB49197CD0A}
		{4D4315FC-1CC7-4904-9E63-811075EDC12F} = {BA578530-2B8B-4871-AC81-17EB7427C091}
		{E91AA481-9F96-4027-A77D-772ADC6049FA} = {4D4315FC-1CC7-4904-9E63-811075EDC12F}
		{20C8684D-C200-42C4-915B-002C854FC699} = {E91AA481-9F96-4027-A77D-772ADC6049FA}
		{E70668F3-6CD7-4341-B765-F9875B4F7B78} = {E91AA481-9F96-4027-A77D-772ADC6049FA}
		{38CF9DD1-DB6F-436B-A329-979348B97031} = {E91AA481-9F96-4027-A77D-772ADC6049FA}
		{3E30B7DE-C40E-4408-9CEF-489092B54FA9} = {E91AA481-9F96-4027-A77D-772ADC6049FA}
		{7018CC5E-A6FB-4821-B245-BA0AACEAC042} = {4D4315FC-1CC7-4904-9E63-811075EDC12F}
		{904E3545-422D-4B17-A71A-5F8469BCD02A} = {7018CC5E-A6FB-4821-B245-BA0AACEAC042}
		{15489EA5-9878-47FC-A372-0EFA63AEF563} = {7018CC5E-A6FB-4821-B245-BA0AACEAC042}
		{E1DDF2ED-2464-4644-AB6C-8980FDD531CF} = {7018CC5E-A6FB-4821-B245-BA0AACEAC042}
		{0A4768CB-0D16-41E2-9DB2-AC1E3DB128DD} = {7018CC5E-A6FB-4821-B245-BA0AACEAC042}
		{2ADBC5DB-BB2D-4CEC-97C0-5791E900C53A} = {4D4315FC-1CC7-4904-9E63-811075EDC12F}
		{988B9146-F854-42DF-AE07-975915E13A71} = {2ADBC5DB-BB2D-4CEC-97C0-5791E900C53A}
		{B3996197-D7E2-4AAD-8079-0C7BD6023A80} = {2ADBC5DB-BB2D-4CEC-97C0-5791E900C53A}
		{8ED5A0B8-F329-41E1-88CB-C9D4CE1E8B6B} = {2ADBC5DB-BB2D-4CEC-97C0-5791E900C53A}
		{68FC6AEB-6212-43F7-A3DF-5E64CFFFED0F} = {2ADBC5DB-BB2D-4CEC-97C0-5791E900C53A}
		{0E44E98A-84E8-4E23-A6F0-39B690C8E2C4} = {BA578530-2B8B-4871-AC81-17EB7427C091}
		{1CFEAAF8-1519-4E3C-8291-313223F6B7CC} = {0E44E98A-84E8-4E23-A6F0-39B690C8E2C4}
		{3B7513ED-6BC4-4DF6-9F71-EAA7B998EE6F} = {2ADBC5DB-BB2D-4CEC-97C0-5791E900C53A}
		{C4D226BB-6599-4328-A5B6-7A16F547583B} = {E91AA481-9F96-4027-A77D-772ADC6049FA}
		{11ECBC34-76D4-41B1-AB56-8FCF86509EC9} = {7018CC5E-A6FB-4821-B245-BA0AACEAC042}
	EndGlobalSection
	GlobalSection(ProjectConfigurationPlatforms) = postSolution
		{1C978207-8097-4C91-AF81-04C75F4AE6DD}.Debug|Any CPU.ActiveCfg = Debug|Any CPU
		{1C978207-8097-4C91-AF81-04C75F4AE6DD}.Debug|Any CPU.Build.0 = Debug|Any CPU
		{1C978207-8097-4C91-AF81-04C75F4AE6DD}.Release|Any CPU.ActiveCfg = Release|Any CPU
		{1C978207-8097-4C91-AF81-04C75F4AE6DD}.Release|Any CPU.Build.0 = Release|Any CPU
		{20C8684D-C200-42C4-915B-002C854FC699}.Debug|Any CPU.ActiveCfg = Debug|Any CPU
		{20C8684D-C200-42C4-915B-002C854FC699}.Debug|Any CPU.Build.0 = Debug|Any CPU
		{20C8684D-C200-42C4-915B-002C854FC699}.Release|Any CPU.ActiveCfg = Release|Any CPU
		{20C8684D-C200-42C4-915B-002C854FC699}.Release|Any CPU.Build.0 = Release|Any CPU
		{E70668F3-6CD7-4341-B765-F9875B4F7B78}.Debug|Any CPU.ActiveCfg = Debug|Any CPU
		{E70668F3-6CD7-4341-B765-F9875B4F7B78}.Debug|Any CPU.Build.0 = Debug|Any CPU
		{E70668F3-6CD7-4341-B765-F9875B4F7B78}.Release|Any CPU.ActiveCfg = Release|Any CPU
		{E70668F3-6CD7-4341-B765-F9875B4F7B78}.Release|Any CPU.Build.0 = Release|Any CPU
		{38CF9DD1-DB6F-436B-A329-979348B97031}.Debug|Any CPU.ActiveCfg = Debug|Any CPU
		{38CF9DD1-DB6F-436B-A329-979348B97031}.Debug|Any CPU.Build.0 = Debug|Any CPU
		{38CF9DD1-DB6F-436B-A329-979348B97031}.Release|Any CPU.ActiveCfg = Release|Any CPU
		{38CF9DD1-DB6F-436B-A329-979348B97031}.Release|Any CPU.Build.0 = Release|Any CPU
		{3E30B7DE-C40E-4408-9CEF-489092B54FA9}.Debug|Any CPU.ActiveCfg = Debug|Any CPU
		{3E30B7DE-C40E-4408-9CEF-489092B54FA9}.Debug|Any CPU.Build.0 = Debug|Any CPU
		{3E30B7DE-C40E-4408-9CEF-489092B54FA9}.Release|Any CPU.ActiveCfg = Release|Any CPU
		{3E30B7DE-C40E-4408-9CEF-489092B54FA9}.Release|Any CPU.Build.0 = Release|Any CPU
		{904E3545-422D-4B17-A71A-5F8469BCD02A}.Debug|Any CPU.ActiveCfg = Debug|Any CPU
		{904E3545-422D-4B17-A71A-5F8469BCD02A}.Debug|Any CPU.Build.0 = Debug|Any CPU
		{904E3545-422D-4B17-A71A-5F8469BCD02A}.Release|Any CPU.ActiveCfg = Release|Any CPU
		{904E3545-422D-4B17-A71A-5F8469BCD02A}.Release|Any CPU.Build.0 = Release|Any CPU
		{15489EA5-9878-47FC-A372-0EFA63AEF563}.Debug|Any CPU.ActiveCfg = Debug|Any CPU
		{15489EA5-9878-47FC-A372-0EFA63AEF563}.Debug|Any CPU.Build.0 = Debug|Any CPU
		{15489EA5-9878-47FC-A372-0EFA63AEF563}.Release|Any CPU.ActiveCfg = Release|Any CPU
		{15489EA5-9878-47FC-A372-0EFA63AEF563}.Release|Any CPU.Build.0 = Release|Any CPU
		{E1DDF2ED-2464-4644-AB6C-8980FDD531CF}.Debug|Any CPU.ActiveCfg = Debug|Any CPU
		{E1DDF2ED-2464-4644-AB6C-8980FDD531CF}.Debug|Any CPU.Build.0 = Debug|Any CPU
		{E1DDF2ED-2464-4644-AB6C-8980FDD531CF}.Release|Any CPU.ActiveCfg = Release|Any CPU
		{E1DDF2ED-2464-4644-AB6C-8980FDD531CF}.Release|Any CPU.Build.0 = Release|Any CPU
		{0A4768CB-0D16-41E2-9DB2-AC1E3DB128DD}.Debug|Any CPU.ActiveCfg = Debug|Any CPU
		{0A4768CB-0D16-41E2-9DB2-AC1E3DB128DD}.Debug|Any CPU.Build.0 = Debug|Any CPU
		{0A4768CB-0D16-41E2-9DB2-AC1E3DB128DD}.Release|Any CPU.ActiveCfg = Release|Any CPU
		{0A4768CB-0D16-41E2-9DB2-AC1E3DB128DD}.Release|Any CPU.Build.0 = Release|Any CPU
		{988B9146-F854-42DF-AE07-975915E13A71}.Debug|Any CPU.ActiveCfg = Debug|Any CPU
		{988B9146-F854-42DF-AE07-975915E13A71}.Debug|Any CPU.Build.0 = Debug|Any CPU
		{988B9146-F854-42DF-AE07-975915E13A71}.Release|Any CPU.ActiveCfg = Release|Any CPU
		{988B9146-F854-42DF-AE07-975915E13A71}.Release|Any CPU.Build.0 = Release|Any CPU
		{B3996197-D7E2-4AAD-8079-0C7BD6023A80}.Debug|Any CPU.ActiveCfg = Debug|Any CPU
		{B3996197-D7E2-4AAD-8079-0C7BD6023A80}.Debug|Any CPU.Build.0 = Debug|Any CPU
		{B3996197-D7E2-4AAD-8079-0C7BD6023A80}.Release|Any CPU.ActiveCfg = Release|Any CPU
		{B3996197-D7E2-4AAD-8079-0C7BD6023A80}.Release|Any CPU.Build.0 = Release|Any CPU
		{8ED5A0B8-F329-41E1-88CB-C9D4CE1E8B6B}.Debug|Any CPU.ActiveCfg = Debug|Any CPU
		{8ED5A0B8-F329-41E1-88CB-C9D4CE1E8B6B}.Debug|Any CPU.Build.0 = Debug|Any CPU
		{8ED5A0B8-F329-41E1-88CB-C9D4CE1E8B6B}.Release|Any CPU.ActiveCfg = Release|Any CPU
		{8ED5A0B8-F329-41E1-88CB-C9D4CE1E8B6B}.Release|Any CPU.Build.0 = Release|Any CPU
		{68FC6AEB-6212-43F7-A3DF-5E64CFFFED0F}.Debug|Any CPU.ActiveCfg = Debug|Any CPU
		{68FC6AEB-6212-43F7-A3DF-5E64CFFFED0F}.Debug|Any CPU.Build.0 = Debug|Any CPU
		{68FC6AEB-6212-43F7-A3DF-5E64CFFFED0F}.Release|Any CPU.ActiveCfg = Release|Any CPU
		{68FC6AEB-6212-43F7-A3DF-5E64CFFFED0F}.Release|Any CPU.Build.0 = Release|Any CPU
		{1CFEAAF8-1519-4E3C-8291-313223F6B7CC}.Debug|Any CPU.ActiveCfg = Debug|Any CPU
		{1CFEAAF8-1519-4E3C-8291-313223F6B7CC}.Debug|Any CPU.Build.0 = Debug|Any CPU
		{1CFEAAF8-1519-4E3C-8291-313223F6B7CC}.Release|Any CPU.ActiveCfg = Release|Any CPU
		{1CFEAAF8-1519-4E3C-8291-313223F6B7CC}.Release|Any CPU.Build.0 = Release|Any CPU
		{3B7513ED-6BC4-4DF6-9F71-EAA7B998EE6F}.Debug|Any CPU.ActiveCfg = Debug|Any CPU
		{3B7513ED-6BC4-4DF6-9F71-EAA7B998EE6F}.Debug|Any CPU.Build.0 = Debug|Any CPU
		{3B7513ED-6BC4-4DF6-9F71-EAA7B998EE6F}.Release|Any CPU.ActiveCfg = Release|Any CPU
		{3B7513ED-6BC4-4DF6-9F71-EAA7B998EE6F}.Release|Any CPU.Build.0 = Release|Any CPU
		{C4D226BB-6599-4328-A5B6-7A16F547583B}.Debug|Any CPU.ActiveCfg = Debug|Any CPU
		{C4D226BB-6599-4328-A5B6-7A16F547583B}.Debug|Any CPU.Build.0 = Debug|Any CPU
		{C4D226BB-6599-4328-A5B6-7A16F547583B}.Release|Any CPU.ActiveCfg = Release|Any CPU
		{C4D226BB-6599-4328-A5B6-7A16F547583B}.Release|Any CPU.Build.0 = Release|Any CPU
		{11ECBC34-76D4-41B1-AB56-8FCF86509EC9}.Debug|Any CPU.ActiveCfg = Debug|Any CPU
		{11ECBC34-76D4-41B1-AB56-8FCF86509EC9}.Debug|Any CPU.Build.0 = Debug|Any CPU
		{11ECBC34-76D4-41B1-AB56-8FCF86509EC9}.Release|Any CPU.ActiveCfg = Release|Any CPU
		{11ECBC34-76D4-41B1-AB56-8FCF86509EC9}.Release|Any CPU.Build.0 = Release|Any CPU
	EndGlobalSection
EndGlobal
